// !$*UTF8*$!
{
	archiveVersion = 1;
	classes = {
	};
	objectVersion = 46;
	objects = {

/* Begin PBXBuildFile section */
		FACFFCC91D2D296A00F9091D /* AppDelegate.swift in Sources */ = {isa = PBXBuildFile; fileRef = FACFFCC81D2D296A00F9091D /* AppDelegate.swift */; };
		FACFFCCB1D2D296A00F9091D /* ViewController.swift in Sources */ = {isa = PBXBuildFile; fileRef = FACFFCCA1D2D296A00F9091D /* ViewController.swift */; };
		FACFFCCE1D2D296A00F9091D /* Main.storyboard in Resources */ = {isa = PBXBuildFile; fileRef = FACFFCCC1D2D296A00F9091D /* Main.storyboard */; };
		FACFFCD01D2D296A00F9091D /* Assets.xcassets in Resources */ = {isa = PBXBuildFile; fileRef = FACFFCCF1D2D296A00F9091D /* Assets.xcassets */; };
		FACFFCD31D2D296A00F9091D /* LaunchScreen.storyboard in Resources */ = {isa = PBXBuildFile; fileRef = FACFFCD11D2D296A00F9091D /* LaunchScreen.storyboard */; };
		FACFFCDB1D2D2DBE00F9091D /* pokemon.csv in Resources */ = {isa = PBXBuildFile; fileRef = FACFFCDA1D2D2DBE00F9091D /* pokemon.csv */; };
/* End PBXBuildFile section */

/* Begin PBXFileReference section */
		FACFFCC51D2D296A00F9091D /* Pokedex.app */ = {isa = PBXFileReference; explicitFileType = wrapper.application; includeInIndex = 0; path = Pokedex.app; sourceTree = BUILT_PRODUCTS_DIR; };
		FACFFCC81D2D296A00F9091D /* AppDelegate.swift */ = {isa = PBXFileReference; lastKnownFileType = sourcecode.swift; path = AppDelegate.swift; sourceTree = "<group>"; };
		FACFFCCA1D2D296A00F9091D /* ViewController.swift */ = {isa = PBXFileReference; lastKnownFileType = sourcecode.swift; path = ViewController.swift; sourceTree = "<group>"; };
		FACFFCCD1D2D296A00F9091D /* Base */ = {isa = PBXFileReference; lastKnownFileType = file.storyboard; name = Base; path = Base.lproj/Main.storyboard; sourceTree = "<group>"; };
		FACFFCCF1D2D296A00F9091D /* Assets.xcassets */ = {isa = PBXFileReference; lastKnownFileType = folder.assetcatalog; path = Assets.xcassets; sourceTree = "<group>"; };
		FACFFCD21D2D296A00F9091D /* Base */ = {isa = PBXFileReference; lastKnownFileType = file.storyboard; name = Base; path = Base.lproj/LaunchScreen.storyboard; sourceTree = "<group>"; };
		FACFFCD41D2D296A00F9091D /* Info.plist */ = {isa = PBXFileReference; lastKnownFileType = text.plist.xml; path = Info.plist; sourceTree = "<group>"; };
		FACFFCDA1D2D2DBE00F9091D /* pokemon.csv */ = {isa = PBXFileReference; fileEncoding = 4; lastKnownFileType = text; path = pokemon.csv; sourceTree = "<group>"; };
/* End PBXFileReference section */

/* Begin PBXFrameworksBuildPhase section */
		FACFFCC21D2D296A00F9091D /* Frameworks */ = {
			isa = PBXFrameworksBuildPhase;
			buildActionMask = 2147483647;
			files = (
			);
			runOnlyForDeploymentPostprocessing = 0;
		};
/* End PBXFrameworksBuildPhase section */

/* Begin PBXGroup section */
		FACFFCBC1D2D296A00F9091D = {
			isa = PBXGroup;
			children = (
				FACFFCC71D2D296A00F9091D /* Pokedex */,
				FACFFCC61D2D296A00F9091D /* Products */,
			);
			sourceTree = "<group>";
		};
		FACFFCC61D2D296A00F9091D /* Products */ = {
			isa = PBXGroup;
			children = (
				FACFFCC51D2D296A00F9091D /* Pokedex.app */,
			);
			name = Products;
			sourceTree = "<group>";
		};
		FACFFCC71D2D296A00F9091D /* Pokedex */ = {
			isa = PBXGroup;
			children = (
				FACFFCC81D2D296A00F9091D /* AppDelegate.swift */,
				FACFFCCA1D2D296A00F9091D /* ViewController.swift */,
				FACFFCCC1D2D296A00F9091D /* Main.storyboard */,
				FACFFCCF1D2D296A00F9091D /* Assets.xcassets */,
				FACFFCD11D2D296A00F9091D /* LaunchScreen.storyboard */,
				FACFFCD41D2D296A00F9091D /* Info.plist */,
				FACFFCDA1D2D2DBE00F9091D /* pokemon.csv */,
			);
			path = Pokedex;
			sourceTree = "<group>";
		};
/* End PBXGroup section */

/* Begin PBXNativeTarget section */
		FACFFCC41D2D296A00F9091D /* Pokedex */ = {
			isa = PBXNativeTarget;
			buildConfigurationList = FACFFCD71D2D296A00F9091D /* Build configuration list for PBXNativeTarget "Pokedex" */;
			buildPhases = (
				FACFFCC11D2D296A00F9091D /* Sources */,
				FACFFCC21D2D296A00F9091D /* Frameworks */,
				FACFFCC31D2D296A00F9091D /* Resources */,
			);
			buildRules = (
			);
			dependencies = (
			);
			name = Pokedex;
			productName = Pokedex;
			productReference = FACFFCC51D2D296A00F9091D /* Pokedex.app */;
			productType = "com.apple.product-type.application";
		};
/* End PBXNativeTarget section */

/* Begin PBXProject section */
		FACFFCBD1D2D296A00F9091D /* Project object */ = {
			isa = PBXProject;
			attributes = {
				LastSwiftUpdateCheck = 0730;
				LastUpgradeCheck = 0730;
				ORGANIZATIONNAME = GlaxoSmithKline;
				TargetAttributes = {
					FACFFCC41D2D296A00F9091D = {
						CreatedOnToolsVersion = 7.3;
					};
				};
			};
			buildConfigurationList = FACFFCC01D2D296A00F9091D /* Build configuration list for PBXProject "Pokedex" */;
			compatibilityVersion = "Xcode 3.2";
			developmentRegion = English;
			hasScannedForEncodings = 0;
			knownRegions = (
				en,
				Base,
			);
			mainGroup = FACFFCBC1D2D296A00F9091D;
			productRefGroup = FACFFCC61D2D296A00F9091D /* Products */;
			projectDirPath = "";
			projectRoot = "";
			targets = (
				FACFFCC41D2D296A00F9091D /* Pokedex */,
			);
		};
/* End PBXProject section */

/* Begin PBXResourcesBuildPhase section */
		FACFFCC31D2D296A00F9091D /* Resources */ = {
			isa = PBXResourcesBuildPhase;
			buildActionMask = 2147483647;
			files = (
				FACFFCD31D2D296A00F9091D /* LaunchScreen.storyboard in Resources */,
				FACFFCD01D2D296A00F9091D /* Assets.xcassets in Resources */,
				FACFFCDB1D2D2DBE00F9091D /* pokemon.csv in Resources */,
				FACFFCCE1D2D296A00F9091D /* Main.storyboard in Resources */,
			);
			runOnlyForDeploymentPostprocessing = 0;
		};
/* End PBXResourcesBuildPhase section */

/* Begin PBXSourcesBuildPhase section */
		FACFFCC11D2D296A00F9091D /* Sources */ = {
			isa = PBXSourcesBuildPhase;
			buildActionMask = 2147483647;
			files = (
				FACFFCCB1D2D296A00F9091D /* ViewController.swift in Sources */,
				FACFFCC91D2D296A00F9091D /* AppDelegate.swift in Sources */,
			);
			runOnlyForDeploymentPostprocessing = 0;
		};
/* End PBXSourcesBuildPhase section */

/* Begin PBXVariantGroup section */
		FACFFCCC1D2D296A00F9091D /* Main.storyboard */ = {
			isa = PBXVariantGroup;
			children = (
				FACFFCCD1D2D296A00F9091D /* Base */,
			);
			name = Main.storyboard;
			sourceTree = "<group>";
		};
		FACFFCD11D2D296A00F9091D /* LaunchScreen.storyboard */ = {
			isa = PBXVariantGroup;
			children = (
				FACFFCD21D2D296A00F9091D /* Base */,
			);
			name = LaunchScreen.storyboard;
			sourceTree = "<group>";
		};
/* End PBXVariantGroup section */

/* Begin XCBuildConfiguration section */
		FACFFCD51D2D296A00F9091D /* Debug */ = {
			isa = XCBuildConfiguration;
			buildSettings = {
				ALWAYS_SEARCH_USER_PATHS = NO;
				CLANG_ANALYZER_NONNULL = YES;
				CLANG_CXX_LANGUAGE_STANDARD = "gnu++0x";
				CLANG_CXX_LIBRARY = "libc++";
				CLANG_ENABLE_MODULES = YES;
				CLANG_ENABLE_OBJC_ARC = YES;
				CLANG_WARN_BOOL_CONVERSION = YES;
				CLANG_WARN_CONSTANT_CONVERSION = YES;
				CLANG_WARN_DIRECT_OBJC_ISA_USAGE = YES_ERROR;
				CLANG_WARN_EMPTY_BODY = YES;
				CLANG_WARN_ENUM_CONVERSION = YES;
				CLANG_WARN_INT_CONVERSION = YES;
				CLANG_WARN_OBJC_ROOT_CLASS = YES_ERROR;
				CLANG_WARN_UNREACHABLE_CODE = YES;
				CLANG_WARN__DUPLICATE_METHOD_MATCH = YES;
				"CODE_SIGN_IDENTITY[sdk=iphoneos*]" = "iPhone Developer";
				COPY_PHASE_STRIP = NO;
				DEBUG_INFORMATION_FORMAT = dwarf;
				ENABLE_STRICT_OBJC_MSGSEND = YES;
				ENABLE_TESTABILITY = YES;
				GCC_C_LANGUAGE_STANDARD = gnu99;
				GCC_DYNAMIC_NO_PIC = NO;
				GCC_NO_COMMON_BLOCKS = YES;
				GCC_OPTIMIZATION_LEVEL = 0;
				GCC_PREPROCESSOR_DEFINITIONS = (
					"DEBUG=1",
					"$(inherited)",
				);
				GCC_WARN_64_TO_32_BIT_CONVERSION = YES;
				GCC_WARN_ABOUT_RETURN_TYPE = YES_ERROR;
				GCC_WARN_UNDECLARED_SELECTOR = YES;
				GCC_WARN_UNINITIALIZED_AUTOS = YES_AGGRESSIVE;
				GCC_WARN_UNUSED_FUNCTION = YES;
				GCC_WARN_UNUSED_VARIABLE = YES;
				IPHONEOS_DEPLOYMENT_TARGET = 9.3;
				MTL_ENABLE_DEBUG_INFO = YES;
				ONLY_ACTIVE_ARCH = YES;
				SDKROOT = iphoneos;
				SWIFT_OPTIMIZATION_LEVEL = "-Onone";
				TARGETED_DEVICE_FAMILY = "1,2";
			};
			name = Debug;
		};
		FACFFCD61D2D296A00F9091D /* Release */ = {
			isa = XCBuildConfiguration;
			buildSettings = {
				ALWAYS_SEARCH_USER_PATHS = NO;
				CLANG_ANALYZER_NONNULL = YES;
				CLANG_CXX_LANGUAGE_STANDARD = "gnu++0x";
				CLANG_CXX_LIBRARY = "libc++";
				CLANG_ENABLE_MODULES = YES;
				CLANG_ENABLE_OBJC_ARC = YES;
				CLANG_WARN_BOOL_CONVERSION = YES;
				CLANG_WARN_CONSTANT_CONVERSION = YES;
				CLANG_WARN_DIRECT_OBJC_ISA_USAGE = YES_ERROR;
				CLANG_WARN_EMPTY_BODY = YES;
				CLANG_WARN_ENUM_CONVERSION = YES;
				CLANG_WARN_INT_CONVERSION = YES;
				CLANG_WARN_OBJC_ROOT_CLASS = YES_ERROR;
				CLANG_WARN_UNREACHABLE_CODE = YES;
				CLANG_WARN__DUPLICATE_METHOD_MATCH = YES;
				"CODE_SIGN_IDENTITY[sdk=iphoneos*]" = "iPhone Developer";
				COPY_PHASE_STRIP = NO;
				DEBUG_INFORMATION_FORMAT = "dwarf-with-dsym";
				ENABLE_NS_ASSERTIONS = NO;
				ENABLE_STRICT_OBJC_MSGSEND = YES;
				GCC_C_LANGUAGE_STANDARD = gnu99;
				GCC_NO_COMMON_BLOCKS = YES;
				GCC_WARN_64_TO_32_BIT_CONVERSION = YES;
				GCC_WARN_ABOUT_RETURN_TYPE = YES_ERROR;
				GCC_WARN_UNDECLARED_SELECTOR = YES;
				GCC_WARN_UNINITIALIZED_AUTOS = YES_AGGRESSIVE;
				GCC_WARN_UNUSED_FUNCTION = YES;
				GCC_WARN_UNUSED_VARIABLE = YES;
				IPHONEOS_DEPLOYMENT_TARGET = 9.3;
				MTL_ENABLE_DEBUG_INFO = NO;
				SDKROOT = iphoneos;
				TARGETED_DEVICE_FAMILY = "1,2";
				VALIDATE_PRODUCT = YES;
			};
			name = Release;
		};
		FACFFCD81D2D296A00F9091D /* Debug */ = {
			isa = XCBuildConfiguration;
			buildSettings = {
				ASSETCATALOG_COMPILER_APPICON_NAME = AppIcon;
				INFOPLIST_FILE = Pokedex/Info.plist;
				LD_RUNPATH_SEARCH_PATHS = "$(inherited) @executable_path/Frameworks";
				PRODUCT_BUNDLE_IDENTIFIER = com.gsk.itlite.Pokedex;
				PRODUCT_NAME = "$(TARGET_NAME)";
			};
			name = Debug;
		};
		FACFFCD91D2D296A00F9091D /* Release */ = {
			isa = XCBuildConfiguration;
			buildSettings = {
				ASSETCATALOG_COMPILER_APPICON_NAME = AppIcon;
				INFOPLIST_FILE = Pokedex/Info.plist;
				LD_RUNPATH_SEARCH_PATHS = "$(inherited) @executable_path/Frameworks";
				PRODUCT_BUNDLE_IDENTIFIER = com.gsk.itlite.Pokedex;
				PRODUCT_NAME = "$(TARGET_NAME)";
			};
			name = Release;
		};
/* End XCBuildConfiguration section */

/* Begin XCConfigurationList section */
		FACFFCC01D2D296A00F9091D /* Build configuration list for PBXProject "Pokedex" */ = {
			isa = XCConfigurationList;
			buildConfigurations = (
				FACFFCD51D2D296A00F9091D /* Debug */,
				FACFFCD61D2D296A00F9091D /* Release */,
			);
			defaultConfigurationIsVisible = 0;
			defaultConfigurationName = Release;
		};
		FACFFCD71D2D296A00F9091D /* Build configuration list for PBXNativeTarget "Pokedex" */ = {
			isa = XCConfigurationList;
			buildConfigurations = (
				FACFFCD81D2D296A00F9091D /* Debug */,
				FACFFCD91D2D296A00F9091D /* Release */,
			);
			defaultConfigurationIsVisible = 0;
			defaultConfigurationName = Release;
		};
/* End XCConfigurationList section */
	};
	rootObject = FACFFCBD1D2D296A00F9091D /* Project object */;
}
